// !$*UTF8*$!
{
	archiveVersion = 1;
	classes = {
	};
	objectVersion = 45;
	objects = {

/* Begin PBXFileReference section */
		65003B31121249CA00C183DD /* pios_wdg.c */ = {isa = PBXFileReference; fileEncoding = 4; lastKnownFileType = sourcecode.c.c; path = pios_wdg.c; sourceTree = "<group>"; };
		6507EFD0150CDDFE00A6D8F5 /* pios_board_posix.h */ = {isa = PBXFileReference; fileEncoding = 4; lastKnownFileType = sourcecode.c.h; path = pios_board_posix.h; sourceTree = "<group>"; };
		6507EFD1150CDDFE00A6D8F5 /* pios_config_posix.h */ = {isa = PBXFileReference; fileEncoding = 4; lastKnownFileType = sourcecode.c.h; path = pios_config_posix.h; sourceTree = "<group>"; };
		6507EFD2150D197500A6D8F5 /* pios_board_posix.c */ = {isa = PBXFileReference; fileEncoding = 4; lastKnownFileType = sourcecode.c.c; path = pios_board_posix.c; sourceTree = "<group>"; };
		6507EFE3150D1D2300A6D8F5 /* Makefile.osx */ = {isa = PBXFileReference; fileEncoding = 4; lastKnownFileType = text; path = Makefile.osx; sourceTree = "<group>"; };
		650D8ED112DFE17500D05CC9 /* uavtalk.h */ = {isa = PBXFileReference; fileEncoding = 4; lastKnownFileType = sourcecode.c.h; path = uavtalk.h; sourceTree = "<group>"; };
		650D8ED212DFE17500D05CC9 /* uavtalk.c */ = {isa = PBXFileReference; fileEncoding = 4; lastKnownFileType = sourcecode.c.c; path = uavtalk.c; sourceTree = "<group>"; };
		65173C9F12EBFD1700D6A7CB /* Makefile */ = {isa = PBXFileReference; fileEncoding = 4; lastKnownFileType = sourcecode.make; name = Makefile; path = ../../../Makefile; sourceTree = SOURCE_ROOT; };
		65904F1814632C1700FD9482 /* firmware-defs.mk */ = {isa = PBXFileReference; fileEncoding = 4; lastKnownFileType = text; path = "firmware-defs.mk"; sourceTree = "<group>"; };
		65904F2214632C1700FD9482 /* board-info.mk */ = {isa = PBXFileReference; fileEncoding = 4; lastKnownFileType = text; path = "board-info.mk"; sourceTree = "<group>"; };
		65904F2314632C1700FD9482 /* board-info.mk */ = {isa = PBXFileReference; fileEncoding = 4; lastKnownFileType = text; path = "board-info.mk"; sourceTree = "<group>"; };
		65904F2414632C1700FD9482 /* board-info.mk */ = {isa = PBXFileReference; fileEncoding = 4; lastKnownFileType = text; path = "board-info.mk"; sourceTree = "<group>"; };
		65904F2514632C1700FD9482 /* board-info.mk */ = {isa = PBXFileReference; fileEncoding = 4; lastKnownFileType = text; path = "board-info.mk"; sourceTree = "<group>"; };
		65904F2614632C1700FD9482 /* board-info.mk */ = {isa = PBXFileReference; fileEncoding = 4; lastKnownFileType = text; path = "board-info.mk"; sourceTree = "<group>"; };
		65904F2714632C1700FD9482 /* board-info.mk */ = {isa = PBXFileReference; fileEncoding = 4; lastKnownFileType = text; path = "board-info.mk"; sourceTree = "<group>"; };
		65904F2814632C1700FD9482 /* version-info.py */ = {isa = PBXFileReference; fileEncoding = 4; lastKnownFileType = text.script.python; path = "version-info.py"; sourceTree = "<group>"; };
		65904F2914632C1700FD9482 /* firmwareinfotemplate.c */ = {isa = PBXFileReference; fileEncoding = 4; lastKnownFileType = sourcecode.c.c; path = firmwareinfotemplate.c; sourceTree = "<group>"; };
		65904F2A14632C1700FD9482 /* gcsversioninfotemplate.h */ = {isa = PBXFileReference; fileEncoding = 4; lastKnownFileType = sourcecode.c.h; path = gcsversioninfotemplate.h; sourceTree = "<group>"; };
		65904F2D14632C1700FD9482 /* README.txt */ = {isa = PBXFileReference; fileEncoding = 4; lastKnownFileType = text; path = README.txt; sourceTree = "<group>"; };
		65904F2E14632C1700FD9482 /* shell_script.reg */ = {isa = PBXFileReference; fileEncoding = 4; lastKnownFileType = text; path = shell_script.reg; sourceTree = "<group>"; };
		65904F2F14632C1700FD9482 /* install */ = {isa = PBXFileReference; fileEncoding = 4; lastKnownFileType = text.script.sh; path = install; sourceTree = "<group>"; };
		65904F3014632C1700FD9482 /* make */ = {isa = PBXFileReference; fileEncoding = 4; lastKnownFileType = text.script.sh; path = make; sourceTree = "<group>"; };
		65904F3114632C1700FD9482 /* make.sh */ = {isa = PBXFileReference; fileEncoding = 4; lastKnownFileType = text.script.sh; path = make.sh; sourceTree = "<group>"; };
		65904F3214632C1700FD9482 /* sh.cmd */ = {isa = PBXFileReference; fileEncoding = 4; lastKnownFileType = text; path = sh.cmd; sourceTree = "<group>"; };
		65904F34146362F300FD9482 /* board-info.mk */ = {isa = PBXFileReference; fileEncoding = 4; lastKnownFileType = text; path = "board-info.mk"; sourceTree = "<group>"; };
		65E466BC14E244020075459C /* uavobjectdefinition */ = {isa = PBXFileReference; lastKnownFileType = folder; path = uavobjectdefinition; sourceTree = "<group>"; };
/* End PBXFileReference section */

/* Begin PBXGroup section */
		08FB7794FE84155DC02AAC07 /* OpenPilotOSX */ = {
			isa = PBXGroup;
			children = (
				65911D0A150D286100EF3167 /* flight */,
				65904F1614632C1700FD9482 /* make */,
				65C35E4E12EFB2F3004811C2 /* shared */,
				65173C9F12EBFD1700D6A7CB /* Makefile */,
			);
			name = OpenPilotOSX;
			sourceTree = "<group>";
		};
		1AB674ADFE9D54B511CA2CBB /* Products */ = {
			isa = PBXGroup;
			children = (
			);
			name = Products;
			sourceTree = "<group>";
		};
		650D8E6A12DFE17500D05CC9 /* UAVObjects */ = {
			isa = PBXGroup;
			children = (
				65C35E9E12F0A834004811C2 /* uavobjecttemplate.c */,
				65C35E9F12F0A834004811C2 /* uavobjectsinittemplate.c */,
				65C35EA012F0A834004811C2 /* uavobjectsinit_cc.c */,
				65C35EA112F0A834004811C2 /* uavobjectmanager.c */,
				65C35EA212F0A834004811C2 /* inc */,
				65C35EA812F0A834004811C2 /* eventdispatcher.c */,
			);
			name = UAVObjects;
			path = ../../UAVObjects;
			sourceTree = SOURCE_ROOT;
		};
		650D8ECF12DFE17500D05CC9 /* UAVTalk */ = {
			isa = PBXGroup;
			children = (
				650D8ED012DFE17500D05CC9 /* inc */,
				650D8ED212DFE17500D05CC9 /* uavtalk.c */,
			);
			name = UAVTalk;
			path = ../../UAVTalk;
			sourceTree = SOURCE_ROOT;
		};
		650D8ED012DFE17500D05CC9 /* inc */ = {
			isa = PBXGroup;
			children = (
				650D8ED112DFE17500D05CC9 /* uavtalk.h */,
			);
			path = inc;
			sourceTree = "<group>";
		};
		652A445414D1169E00835B68 /* revolution */ = {
			isa = PBXGroup;
			children = (
				652A445514D116AE00835B68 /* board_hw_defs.c */,
			);
			name = revolution;
			sourceTree = "<group>";
		};
		6543A04114CF180D004EEC4C /* board_hw_defs */ = {
			isa = PBXGroup;
			children = (
				652A445414D1169E00835B68 /* revolution */,
				6543A04414CF1823004EEC4C /* coptercontrol */,
				6543A04A14CF1823004EEC4C /* pipxtreme */,
			);
			name = board_hw_defs;
			sourceTree = "<group>";
		};
		6543A04414CF1823004EEC4C /* coptercontrol */ = {
			isa = PBXGroup;
			children = (
				6543A04514CF1823004EEC4C /* board_hw_defs.c */,
			);
			name = coptercontrol;
			path = ../../board_hw_defs/coptercontrol;
			sourceTree = "<group>";
		};
		6543A04A14CF1823004EEC4C /* pipxtreme */ = {
			isa = PBXGroup;
			children = (
				6543A04B14CF1823004EEC4C /* board_hw_defs.c */,
			);
			name = pipxtreme;
			path = ../../board_hw_defs/pipxtreme;
			sourceTree = "<group>";
		};
		65632DF41251650300469B77 /* Boards */ = {
			isa = PBXGroup;
			children = (
				65FA9B71147087020019A260 /* STM32F4xx_Revolution.h */,
				65632DF51251650300469B77 /* pios_board.h */,
				65632DF71251650300469B77 /* STM3210E_OP.h */,
				65632DF61251650300469B77 /* STM32103CB_AHRS.h */,
				65E6E06112E031E300058553 /* STM32103CB_CC_Rev1.h */,
				65E6E06212E031E300058553 /* STM32103CB_PIPXTREME_Rev1.h */,
			);
			path = Boards;
			sourceTree = "<group>";
		};
		657CEEB5121DBC49007A1FBE /* flight */ = {
			isa = PBXGroup;
			children = (
				6543A04114CF180D004EEC4C /* board_hw_defs */,
				65904E3F146128A500FD9482 /* Revolution */,
				65FF4BB313791C3300146BE4 /* Bootloaders */,
				65F93B9012EE09280047DB36 /* PipXtreme */,
				65E6DF7012E02E8E00058553 /* CopterControl */,
				657CEEB6121DBC63007A1FBE /* Libraries */,
				652EF83814DF229C00C461BB /* Modules */,
				65E8F02F11EFF25C00BBF654 /* PiOS */,
				65E6DF9012E0313E00058553 /* PipXtreme */,
				650D8E6A12DFE17500D05CC9 /* UAVObjects */,
				650D8ECF12DFE17500D05CC9 /* UAVTalk */,
				C6A0FF2B0290797F04C91782 /* Documentation */,
				1AB674ADFE9D54B511CA2CBB /* Products */,
			);
			name = flight;
			sourceTree = "<group>";
		};
		657CEEB6121DBC63007A1FBE /* Libraries */ = {
			isa = PBXGroup;
			children = (
				65F53D2E14984BB300A62D5D /* insgps_helper.c */,
				65F53D2F14984BB300A62D5D /* insgps13state.c */,
				65F53D3014984BB300A62D5D /* insgps16state.c */,
				6549E0D21279B3C800C5476F /* fifo_buffer.c */,
				651913371256C5240039C0A3 /* ahrs_comm_objects.c */,
				651913381256C5240039C0A3 /* ahrs_spi_comm.c */,
				657CEEB7121DBC63007A1FBE /* CoordinateConversions.c */,
				657CEEB8121DBC63007A1FBE /* inc */,
				657CEEBB121DBC63007A1FBE /* WorldMagModel.c */,
			);
			name = Libraries;
			path = ../../Libraries;
			sourceTree = SOURCE_ROOT;
		};
		657CEEB8121DBC63007A1FBE /* inc */ = {
			isa = PBXGroup;
			children = (
				6549E0D31279B3CF00C5476F /* fifo_buffer.h */,
				6519133A1256C52B0039C0A3 /* ahrs_comm_objects.h */,
				6519133B1256C52B0039C0A3 /* ahrs_spi_comm.h */,
				657CF024121F49CD007A1FBE /* WMMInternal.h */,
				657CEEB9121DBC63007A1FBE /* CoordinateConversions.h */,
				657CEEBA121DBC63007A1FBE /* WorldMagModel.h */,
			);
			path = inc;
			sourceTree = "<group>";
		};
		65904E3F146128A500FD9482 /* Revolution */ = {
			isa = PBXGroup;
			children = (
				6507EFE3150D1D2300A6D8F5 /* Makefile.osx */,
				65904E4B146128A500FD9482 /* Makefile */,
				65904E4C146128A500FD9482 /* System */,
				65904E5C146128A500FD9482 /* UAVObjects.inc */,
			);
			name = Revolution;
			path = ../../Revolution;
			sourceTree = "<group>";
		};
		65904E4C146128A500FD9482 /* System */ = {
			isa = PBXGroup;
			children = (
				6507EFD2150D197500A6D8F5 /* pios_board_posix.c */,
				65904E4D146128A500FD9482 /* alarms.c */,
				65904E4E146128A500FD9482 /* cm3_fault_handlers.c */,
				65904E4F146128A500FD9482 /* dcc_stdio.c */,
				65904E50146128A500FD9482 /* inc */,
				65904E58146128A500FD9482 /* pios_board.c */,
				65904E59146128A500FD9482 /* revolution.c */,
			);
			path = System;
			sourceTree = "<group>";
		};
		65904E50146128A500FD9482 /* inc */ = {
			isa = PBXGroup;
			children = (
				6507EFD0150CDDFE00A6D8F5 /* pios_board_posix.h */,
				6507EFD1150CDDFE00A6D8F5 /* pios_config_posix.h */,
				65904E51146128A500FD9482 /* alarms.h */,
				65904E52146128A500FD9482 /* dcc_stdio.h */,
				65904E53146128A500FD9482 /* FreeRTOSConfig.h */,
				65904E54146128A500FD9482 /* op_config.h */,
				65904E55146128A500FD9482 /* openpilot.h */,
				65904E56146128A500FD9482 /* pios_config.h */,
			);
			path = inc;
			sourceTree = "<group>";
		};
		65904E5D14613B6100FD9482 /* STM32F4xx */ = {
			isa = PBXGroup;
			children = (
				65904E5E14613B6100FD9482 /* inc */,
				65904E6214613B6100FD9482 /* Libraries */,
				65904EC114613B6100FD9482 /* library.mk */,
				65904EC214613B6100FD9482 /* link_STM32F4xx_BL_memory.ld */,
				65904EC314613B6100FD9482 /* link_STM32F4xx_OP_memory.ld */,
				65904EC414613B6100FD9482 /* link_STM32F4xx_sections.ld */,
				65904EC514613B6100FD9482 /* pios_adc.c */,
				6581785414A65B9B0007885F /* pios_bl_helper.c */,
				65904EC814613B6100FD9482 /* pios_debug.c */,
				65904EC914613B6100FD9482 /* pios_delay.c */,
				65FAB8FC1480DA19000FF8B2 /* pios_dsm.c */,
				65904ECA14613B6100FD9482 /* pios_exti.c */,
				65904ECB14613B6100FD9482 /* pios_gpio.c */,
				65904ECD14613B6100FD9482 /* pios_i2c.c */,
				65904ECE14613B6100FD9482 /* pios_iap.c */,
				65904ED014613B6100FD9482 /* pios_irq.c */,
				65904ED114613B6100FD9482 /* pios_led.c */,
				65904ED214613B6100FD9482 /* pios_ppm.c */,
				65FAB8FD1480DA19000FF8B2 /* pios_pwm.c */,
				65FAB8FE1481A5C5000FF8B2 /* pios_rtc.c */,
				65904ED314613B6100FD9482 /* pios_servo.c */,
				65904ED414613B6100FD9482 /* pios_spi.c */,
				65904ED514613B6100FD9482 /* pios_sys.c */,
				65904ED614613B6100FD9482 /* pios_tim.c */,
				65904ED714613B6100FD9482 /* pios_usart.c */,
				65904ED814613B6100FD9482 /* pios_wdg.c */,
				65904ED914613B6100FD9482 /* startup.c */,
				65904EDA14613B6100FD9482 /* vectors_stm32f4xx.c */,
			);
			path = STM32F4xx;
			sourceTree = "<group>";
		};
		65904E5E14613B6100FD9482 /* inc */ = {
			isa = PBXGroup;
			children = (
				65904E5F14613B6100FD9482 /* pios_i2c_config.h */,
				65904E6014613B6100FD9482 /* pios_usart_config.h */,
				65904E6114613B6100FD9482 /* stm32f4xx_conf.h */,
			);
			path = inc;
			sourceTree = "<group>";
		};
		65904E6214613B6100FD9482 /* Libraries */ = {
			isa = PBXGroup;
			children = (
				65904E6314613B6100FD9482 /* CMSIS */,
				65904E7114613B6100FD9482 /* CMSIS2 */,
				65904E7A14613B6100FD9482 /* FreeRTOS */,
				65904E8514613B6100FD9482 /* STM32F4xx_StdPeriph_Driver */,
			);
			path = Libraries;
			sourceTree = "<group>";
		};
		65904E6314613B6100FD9482 /* CMSIS */ = {
			isa = PBXGroup;
			children = (
				65904E6414613B6100FD9482 /* Device */,
				65904E6914613B6100FD9482 /* DSP_Lib */,
				65904E6F14613B6100FD9482 /* Lib */,
			);
			path = CMSIS;
			sourceTree = "<group>";
		};
		65904E6414613B6100FD9482 /* Device */ = {
			isa = PBXGroup;
			children = (
				65904E6514613B6100FD9482 /* ST */,
			);
			path = Device;
			sourceTree = "<group>";
		};
		65904E6514613B6100FD9482 /* ST */ = {
			isa = PBXGroup;
			children = (
				65904E6614613B6100FD9482 /* STM32F4xx */,
			);
			path = ST;
			sourceTree = "<group>";
		};
		65904E6614613B6100FD9482 /* STM32F4xx */ = {
			isa = PBXGroup;
			children = (
				65904E6714613B6100FD9482 /* Source */,
			);
			path = STM32F4xx;
			sourceTree = "<group>";
		};
		65904E6714613B6100FD9482 /* Source */ = {
			isa = PBXGroup;
			children = (
				65904E6814613B6100FD9482 /* Templates */,
			);
			path = Source;
			sourceTree = "<group>";
		};
		65904E6814613B6100FD9482 /* Templates */ = {
			isa = PBXGroup;
			children = (
			);
			path = Templates;
			sourceTree = "<group>";
		};
		65904E6914613B6100FD9482 /* DSP_Lib */ = {
			isa = PBXGroup;
			children = (
				65904E6A14613B6100FD9482 /* Source */,
			);
			path = DSP_Lib;
			sourceTree = "<group>";
		};
		65904E6A14613B6100FD9482 /* Source */ = {
			isa = PBXGroup;
			children = (
				65904E6B14613B6100FD9482 /* ARM */,
				65904E6D14613B6100FD9482 /* GCC */,
			);
			path = Source;
			sourceTree = "<group>";
		};
		65904E6B14613B6100FD9482 /* ARM */ = {
			isa = PBXGroup;
			children = (
				65904E6C14613B6100FD9482 /* intermediateFiles */,
			);
			path = ARM;
			sourceTree = "<group>";
		};
		65904E6C14613B6100FD9482 /* intermediateFiles */ = {
			isa = PBXGroup;
			children = (
			);
			path = intermediateFiles;
			sourceTree = "<group>";
		};
		65904E6D14613B6100FD9482 /* GCC */ = {
			isa = PBXGroup;
			children = (
				65904E6E14613B6100FD9482 /* intermediateFiles */,
			);
			path = GCC;
			sourceTree = "<group>";
		};
		65904E6E14613B6100FD9482 /* intermediateFiles */ = {
			isa = PBXGroup;
			children = (
			);
			path = intermediateFiles;
			sourceTree = "<group>";
		};
		65904E6F14613B6100FD9482 /* Lib */ = {
			isa = PBXGroup;
			children = (
				65904E7014613B6100FD9482 /* GCC */,
			);
			path = Lib;
			sourceTree = "<group>";
		};
		65904E7014613B6100FD9482 /* GCC */ = {
			isa = PBXGroup;
			children = (
			);
			path = GCC;
			sourceTree = "<group>";
		};
		65904E7114613B6100FD9482 /* CMSIS2 */ = {
			isa = PBXGroup;
			children = (
				65904E7214613B6100FD9482 /* Device */,
			);
			path = CMSIS2;
			sourceTree = "<group>";
		};
		65904E7214613B6100FD9482 /* Device */ = {
			isa = PBXGroup;
			children = (
				65904E7314613B6100FD9482 /* ST */,
			);
			path = Device;
			sourceTree = "<group>";
		};
		65904E7314613B6100FD9482 /* ST */ = {
			isa = PBXGroup;
			children = (
				65904E7414613B6100FD9482 /* STM32F4xx */,
			);
			path = ST;
			sourceTree = "<group>";
		};
		65904E7414613B6100FD9482 /* STM32F4xx */ = {
			isa = PBXGroup;
			children = (
				65904E7514613B6100FD9482 /* Include */,
				65904E7814613B6100FD9482 /* Source */,
			);
			path = STM32F4xx;
			sourceTree = "<group>";
		};
		65904E7514613B6100FD9482 /* Include */ = {
			isa = PBXGroup;
			children = (
				65904E7614613B6100FD9482 /* stm32f4xx.h */,
				65904E7714613B6100FD9482 /* system_stm32f4xx.h */,
			);
			path = Include;
			sourceTree = "<group>";
		};
		65904E7814613B6100FD9482 /* Source */ = {
			isa = PBXGroup;
			children = (
				65904E7914613B6100FD9482 /* system_stm32f4xx.c */,
			);
			path = Source;
			sourceTree = "<group>";
		};
		65904E7A14613B6100FD9482 /* FreeRTOS */ = {
			isa = PBXGroup;
			children = (
				65904E7B14613B6100FD9482 /* Source */,
			);
			path = FreeRTOS;
			sourceTree = "<group>";
		};
		65904E7B14613B6100FD9482 /* Source */ = {
			isa = PBXGroup;
			children = (
				65904E7C14613B6100FD9482 /* portable */,
			);
			path = Source;
			sourceTree = "<group>";
		};
		65904E7C14613B6100FD9482 /* portable */ = {
			isa = PBXGroup;
			children = (
				65904E7D14613B6100FD9482 /* GCC */,
				65904E8114613B6100FD9482 /* MemMang */,
			);
			path = portable;
			sourceTree = "<group>";
		};
		65904E7D14613B6100FD9482 /* GCC */ = {
			isa = PBXGroup;
			children = (
				65904E7E14613B6100FD9482 /* ARM_CM4 */,
			);
			path = GCC;
			sourceTree = "<group>";
		};
		65904E7E14613B6100FD9482 /* ARM_CM4 */ = {
			isa = PBXGroup;
			children = (
				65904E7F14613B6100FD9482 /* port.c */,
				65904E8014613B6100FD9482 /* portmacro.h */,
			);
			path = ARM_CM4;
			sourceTree = "<group>";
		};
		65904E8114613B6100FD9482 /* MemMang */ = {
			isa = PBXGroup;
			children = (
				65904E8214613B6100FD9482 /* heap_1.c */,
				65904E8314613B6100FD9482 /* heap_2.c */,
				65904E8414613B6100FD9482 /* heap_3.c */,
			);
			path = MemMang;
			sourceTree = "<group>";
		};
		65904E8514613B6100FD9482 /* STM32F4xx_StdPeriph_Driver */ = {
			isa = PBXGroup;
			children = (
				65904E8614613B6100FD9482 /* inc */,
				65904EA114613B6100FD9482 /* src */,
			);
			path = STM32F4xx_StdPeriph_Driver;
			sourceTree = "<group>";
		};
		65904E8614613B6100FD9482 /* inc */ = {
			isa = PBXGroup;
			children = (
				65904E8714613B6100FD9482 /* misc.h */,
				65904E8814613B6100FD9482 /* stm32f4xx_adc.h */,
				65904E8914613B6100FD9482 /* stm32f4xx_can.h */,
				65904E8A14613B6100FD9482 /* stm32f4xx_crc.h */,
				65904E8B14613B6100FD9482 /* stm32f4xx_cryp.h */,
				65904E8C14613B6100FD9482 /* stm32f4xx_dac.h */,
				65904E8D14613B6100FD9482 /* stm32f4xx_dbgmcu.h */,
				65904E8E14613B6100FD9482 /* stm32f4xx_dcmi.h */,
				65904E8F14613B6100FD9482 /* stm32f4xx_dma.h */,
				65904E9014613B6100FD9482 /* stm32f4xx_exti.h */,
				65904E9114613B6100FD9482 /* stm32f4xx_flash.h */,
				65904E9214613B6100FD9482 /* stm32f4xx_fsmc.h */,
				65904E9314613B6100FD9482 /* stm32f4xx_gpio.h */,
				65904E9414613B6100FD9482 /* stm32f4xx_hash.h */,
				65904E9514613B6100FD9482 /* stm32f4xx_i2c.h */,
				65904E9614613B6100FD9482 /* stm32f4xx_iwdg.h */,
				65904E9714613B6100FD9482 /* stm32f4xx_pwr.h */,
				65904E9814613B6100FD9482 /* stm32f4xx_rcc.h */,
				65904E9914613B6100FD9482 /* stm32f4xx_rng.h */,
				65904E9A14613B6100FD9482 /* stm32f4xx_rtc.h */,
				65904E9B14613B6100FD9482 /* stm32f4xx_sdio.h */,
				65904E9C14613B6100FD9482 /* stm32f4xx_spi.h */,
				65904E9D14613B6100FD9482 /* stm32f4xx_syscfg.h */,
				65904E9E14613B6100FD9482 /* stm32f4xx_tim.h */,
				65904E9F14613B6100FD9482 /* stm32f4xx_usart.h */,
				65904EA014613B6100FD9482 /* stm32f4xx_wwdg.h */,
			);
			path = inc;
			sourceTree = "<group>";
		};
		65904EA114613B6100FD9482 /* src */ = {
			isa = PBXGroup;
			children = (
				65904EA214613B6100FD9482 /* misc.c */,
				65904EA314613B6100FD9482 /* stm32f4xx_adc.c */,
				65904EA414613B6100FD9482 /* stm32f4xx_can.c */,
				65904EA514613B6100FD9482 /* stm32f4xx_crc.c */,
				65904EA614613B6100FD9482 /* stm32f4xx_cryp.c */,
				65904EA714613B6100FD9482 /* stm32f4xx_cryp_aes.c */,
				65904EA814613B6100FD9482 /* stm32f4xx_cryp_des.c */,
				65904EA914613B6100FD9482 /* stm32f4xx_cryp_tdes.c */,
				65904EAA14613B6100FD9482 /* stm32f4xx_dac.c */,
				65904EAB14613B6100FD9482 /* stm32f4xx_dbgmcu.c */,
				65904EAC14613B6100FD9482 /* stm32f4xx_dcmi.c */,
				65904EAD14613B6100FD9482 /* stm32f4xx_dma.c */,
				65904EAE14613B6100FD9482 /* stm32f4xx_exti.c */,
				65904EAF14613B6100FD9482 /* stm32f4xx_flash.c */,
				65904EB014613B6100FD9482 /* stm32f4xx_fsmc.c */,
				65904EB114613B6100FD9482 /* stm32f4xx_gpio.c */,
				65904EB214613B6100FD9482 /* stm32f4xx_hash.c */,
				65904EB314613B6100FD9482 /* stm32f4xx_hash_md5.c */,
				65904EB414613B6100FD9482 /* stm32f4xx_hash_sha1.c */,
				65904EB514613B6100FD9482 /* stm32f4xx_i2c.c */,
				65904EB614613B6100FD9482 /* stm32f4xx_iwdg.c */,
				65904EB714613B6100FD9482 /* stm32f4xx_pwr.c */,
				65904EB814613B6100FD9482 /* stm32f4xx_rcc.c */,
				65904EB914613B6100FD9482 /* stm32f4xx_rng.c */,
				65904EBA14613B6100FD9482 /* stm32f4xx_rtc.c */,
				65904EBB14613B6100FD9482 /* stm32f4xx_sdio.c */,
				65904EBC14613B6100FD9482 /* stm32f4xx_spi.c */,
				65904EBD14613B6100FD9482 /* stm32f4xx_syscfg.c */,
				65904EBE14613B6100FD9482 /* stm32f4xx_tim.c */,
				65904EBF14613B6100FD9482 /* stm32f4xx_usart.c */,
				65904EC014613B6100FD9482 /* stm32f4xx_wwdg.c */,
			);
			path = src;
			sourceTree = "<group>";
		};
		65904EDB14613BBD00FD9482 /* Libraries */ = {
			isa = PBXGroup;
			children = (
				65904EDC14613BBD00FD9482 /* CMSIS2 */,
				65904EE714613BBD00FD9482 /* dosfs */,
				65904EEE14613BBD00FD9482 /* FreeRTOS */,
				65904F0114613BBD00FD9482 /* msheap */,
			);
			path = Libraries;
			sourceTree = "<group>";
		};
		65904EDC14613BBD00FD9482 /* CMSIS2 */ = {
			isa = PBXGroup;
			children = (
				65904EDD14613BBD00FD9482 /* Include */,
				65904EE614613BBD00FD9482 /* library.mk */,
			);
			path = CMSIS2;
			sourceTree = "<group>";
		};
		65904EDD14613BBD00FD9482 /* Include */ = {
			isa = PBXGroup;
			children = (
				65904EDE14613BBD00FD9482 /* arm_common_tables.h */,
				65904EDF14613BBD00FD9482 /* arm_math.h */,
				65904EE014613BBD00FD9482 /* core_cm0.h */,
				65904EE114613BBD00FD9482 /* core_cm3.h */,
				65904EE214613BBD00FD9482 /* core_cm4.h */,
				65904EE314613BBD00FD9482 /* core_cm4_simd.h */,
				65904EE414613BBD00FD9482 /* core_cmFunc.h */,
				65904EE514613BBD00FD9482 /* core_cmInstr.h */,
			);
			path = Include;
			sourceTree = "<group>";
		};
		65904EE714613BBD00FD9482 /* dosfs */ = {
			isa = PBXGroup;
			children = (
				65904EE814613BBD00FD9482 /* dfs_sdcard.c */,
				65904EE914613BBD00FD9482 /* dosfs.c */,
				65904EEA14613BBD00FD9482 /* dosfs.h */,
				65904EEB14613BBD00FD9482 /* library.mk */,
				65904EEC14613BBD00FD9482 /* README.txt */,
				65904EED14613BBD00FD9482 /* README_1st.txt */,
			);
			path = dosfs;
			sourceTree = "<group>";
		};
		65904EEE14613BBD00FD9482 /* FreeRTOS */ = {
			isa = PBXGroup;
			children = (
				65904EEF14613BBD00FD9482 /* library.mk */,
				65904EF014613BBD00FD9482 /* Source */,
			);
			path = FreeRTOS;
			sourceTree = "<group>";
		};
		65904EF014613BBD00FD9482 /* Source */ = {
			isa = PBXGroup;
			children = (
				65904EF114613BBD00FD9482 /* include */,
				65904EFD14613BBD00FD9482 /* list.c */,
				65904EFE14613BBD00FD9482 /* queue.c */,
				65904EFF14613BBD00FD9482 /* tasks.c */,
				65904F0014613BBD00FD9482 /* timers.c */,
			);
			path = Source;
			sourceTree = "<group>";
		};
		65904EF114613BBD00FD9482 /* include */ = {
			isa = PBXGroup;
			children = (
				65904EF214613BBD00FD9482 /* croutine.h */,
				65904EF314613BBD00FD9482 /* FreeRTOS.h */,
				65904EF414613BBD00FD9482 /* list.h */,
				65904EF514613BBD00FD9482 /* mpu_wrappers.h */,
				65904EF614613BBD00FD9482 /* portable.h */,
				65904EF714613BBD00FD9482 /* projdefs.h */,
				65904EF814613BBD00FD9482 /* queue.h */,
				65904EF914613BBD00FD9482 /* semphr.h */,
				65904EFA14613BBD00FD9482 /* StackMacros.h */,
				65904EFB14613BBD00FD9482 /* task.h */,
				65904EFC14613BBD00FD9482 /* timers.h */,
			);
			path = include;
			sourceTree = "<group>";
		};
		65904F0114613BBD00FD9482 /* msheap */ = {
			isa = PBXGroup;
			children = (
				65904F0214613BBD00FD9482 /* library.mk */,
				65904F0314613BBD00FD9482 /* msheap.c */,
				65904F0414613BBD00FD9482 /* msheap.h */,
				65904F0514613BBD00FD9482 /* pios_msheap.c */,
			);
			path = msheap;
			sourceTree = "<group>";
		};
		65904F1614632C1700FD9482 /* make */ = {
			isa = PBXGroup;
			children = (
				65904F1714632C1700FD9482 /* boards */,
				65904F1814632C1700FD9482 /* firmware-defs.mk */,
				65904F1914632C1700FD9482 /* scripts */,
				65904F1A14632C1700FD9482 /* templates */,
				65904F1B14632C1700FD9482 /* winx86 */,
			);
			name = make;
			path = OpenPilotOSX.xcodeproj/../../../../make;
			sourceTree = "<group>";
		};
		65904F1714632C1700FD9482 /* boards */ = {
			isa = PBXGroup;
			children = (
				65904F33146362F300FD9482 /* revolution */,
				65904F1C14632C1700FD9482 /* ahrs */,
				65904F1D14632C1700FD9482 /* coptercontrol */,
				65904F1E14632C1700FD9482 /* esc */,
				65904F1F14632C1700FD9482 /* ins */,
				65904F2014632C1700FD9482 /* openpilot */,
				65904F2114632C1700FD9482 /* pipxtreme */,
			);
			path = boards;
			sourceTree = "<group>";
		};
		65904F1914632C1700FD9482 /* scripts */ = {
			isa = PBXGroup;
			children = (
				65904F2814632C1700FD9482 /* version-info.py */,
			);
			path = scripts;
			sourceTree = "<group>";
		};
		65904F1A14632C1700FD9482 /* templates */ = {
			isa = PBXGroup;
			children = (
				65904F2914632C1700FD9482 /* firmwareinfotemplate.c */,
				65904F2A14632C1700FD9482 /* gcsversioninfotemplate.h */,
			);
			path = templates;
			sourceTree = "<group>";
		};
		65904F1B14632C1700FD9482 /* winx86 */ = {
			isa = PBXGroup;
			children = (
				65904F2B14632C1700FD9482 /* bin */,
				65904F2C14632C1700FD9482 /* cmd */,
				65904F2D14632C1700FD9482 /* README.txt */,
				65904F2E14632C1700FD9482 /* shell_script.reg */,
			);
			path = winx86;
			sourceTree = "<group>";
		};
		65904F1C14632C1700FD9482 /* ahrs */ = {
			isa = PBXGroup;
			children = (
				65904F2214632C1700FD9482 /* board-info.mk */,
			);
			path = ahrs;
			sourceTree = "<group>";
		};
		65904F1D14632C1700FD9482 /* coptercontrol */ = {
			isa = PBXGroup;
			children = (
				65904F2314632C1700FD9482 /* board-info.mk */,
			);
			path = coptercontrol;
			sourceTree = "<group>";
		};
		65904F1E14632C1700FD9482 /* esc */ = {
			isa = PBXGroup;
			children = (
				65904F2414632C1700FD9482 /* board-info.mk */,
			);
			path = esc;
			sourceTree = "<group>";
		};
		65904F1F14632C1700FD9482 /* ins */ = {
			isa = PBXGroup;
			children = (
				65904F2514632C1700FD9482 /* board-info.mk */,
			);
			path = ins;
			sourceTree = "<group>";
		};
		65904F2014632C1700FD9482 /* openpilot */ = {
			isa = PBXGroup;
			children = (
				65904F2614632C1700FD9482 /* board-info.mk */,
			);
			path = openpilot;
			sourceTree = "<group>";
		};
		65904F2114632C1700FD9482 /* pipxtreme */ = {
			isa = PBXGroup;
			children = (
				65904F2714632C1700FD9482 /* board-info.mk */,
			);
			path = pipxtreme;
			sourceTree = "<group>";
		};
		65904F2B14632C1700FD9482 /* bin */ = {
			isa = PBXGroup;
			children = (
				65904F2F14632C1700FD9482 /* install */,
				65904F3014632C1700FD9482 /* make */,
			);
			path = bin;
			sourceTree = "<group>";
		};
		65904F2C14632C1700FD9482 /* cmd */ = {
			isa = PBXGroup;
			children = (
				65904F3114632C1700FD9482 /* make.sh */,
				65904F3214632C1700FD9482 /* sh.cmd */,
			);
			path = cmd;
			sourceTree = "<group>";
		};
		65904F33146362F300FD9482 /* revolution */ = {
			isa = PBXGroup;
			children = (
				65904F34146362F300FD9482 /* board-info.mk */,
			);
			path = revolution;
			sourceTree = "<group>";
		};
		65C35E4E12EFB2F3004811C2 /* shared */ = {
			isa = PBXGroup;
			children = (
				65E466BC14E244020075459C /* uavobjectdefinition */,
			);
			name = shared;
			path = ../../../shared;
			sourceTree = SOURCE_ROOT;
		};
		65C35EA212F0A834004811C2 /* inc */ = {
			isa = PBXGroup;
			children = (
				65C35EA312F0A834004811C2 /* eventdispatcher.h */,
				65C35EA412F0A834004811C2 /* uavobjectmanager.h */,
				65C35EA512F0A834004811C2 /* uavobjectsinit.h */,
				65C35EA612F0A834004811C2 /* uavobjecttemplate.h */,
				65C35EA712F0A834004811C2 /* utlist.h */,
			);
			path = inc;
			sourceTree = "<group>";
		};
		65E6DF7012E02E8E00058553 /* CopterControl */ = {
			isa = PBXGroup;
			children = (
				65E6DF7112E02E8E00058553 /* Makefile */,
				65E6DF7212E02E8E00058553 /* System */,
			);
			name = CopterControl;
			path = ../../CopterControl;
			sourceTree = SOURCE_ROOT;
		};
		65E6DF7212E02E8E00058553 /* System */ = {
			isa = PBXGroup;
			children = (
				65E6DF7312E02E8E00058553 /* alarms.c */,
				65E6DF7412E02E8E00058553 /* coptercontrol.c */,
				65E6DF7512E02E8E00058553 /* inc */,
				65E6DF7E12E02E8E00058553 /* pios_board.c */,
				65E6DF7F12E02E8E00058553 /* pios_board_posix.c */,
			);
			path = System;
			sourceTree = "<group>";
		};
		65E6DF7512E02E8E00058553 /* inc */ = {
			isa = PBXGroup;
			children = (
				65E6DF7612E02E8E00058553 /* alarms.h */,
				65E6DF7712E02E8E00058553 /* FreeRTOSConfig.h */,
				65E6DF7812E02E8E00058553 /* op_config.h */,
				65E6DF7912E02E8E00058553 /* openpilot.h */,
				65E6DF7A12E02E8E00058553 /* pios_board_posix.h */,
				65E6DF7B12E02E8E00058553 /* pios_config.h */,
				65E6DF7C12E02E8E00058553 /* pios_config_posix.h */,
			);
			path = inc;
			sourceTree = "<group>";
		};
		65E6DF9012E0313E00058553 /* PipXtreme */ = {
			isa = PBXGroup;
			children = (
				65E6DF9112E0313E00058553 /* aes.c */,
				65E6E04412E0313F00058553 /* crc.c */,
				65E6E04512E0313F00058553 /* gpio_in.c */,
				65E6E04612E0313F00058553 /* inc */,
				65E6E05612E0313F00058553 /* main.c */,
				65E6E05712E0313F00058553 /* Makefile */,
				65E6E05812E0313F00058553 /* packet_handler.c */,
				65E6E05912E0313F00058553 /* pios_board.c */,
				65E6E05A12E0313F00058553 /* pios_usb_hid_desc.c */,
				65E6E05B12E0313F00058553 /* rfm22b.c */,
				65E6E05C12E0313F00058553 /* saved_settings.c */,
				65E6E05D12E0313F00058553 /* stopwatch.c */,
				65E6E05E12E0313F00058553 /* transparent_comms.c */,
				65E6E05F12E0313F00058553 /* uavtalk_comms.c */,
				65E6E06012E0313F00058553 /* watchdog.c */,
			);
			name = PipXtreme;
			path = ../../PipXtreme;
			sourceTree = SOURCE_ROOT;
		};
		65E6E04612E0313F00058553 /* inc */ = {
			isa = PBXGroup;
			children = (
				65E6E04712E0313F00058553 /* aes.h */,
				65E6E04812E0313F00058553 /* crc.h */,
				65E6E04912E0313F00058553 /* gpio_in.h */,
				65E6E04A12E0313F00058553 /* main.h */,
				65E6E04B12E0313F00058553 /* packet_handler.h */,
				65E6E04C12E0313F00058553 /* pios_config.h */,
				65E6E04D12E0313F00058553 /* pios_usb.h */,
				65E6E04E12E0313F00058553 /* pios_usb_hid_desc.h */,
				65E6E04F12E0313F00058553 /* rfm22b.h */,
				65E6E05012E0313F00058553 /* saved_settings.h */,
				65E6E05112E0313F00058553 /* stopwatch.h */,
				65E6E05212E0313F00058553 /* transparent_comms.h */,
				65E6E05312E0313F00058553 /* uavtalk_comms.h */,
				65E6E05412E0313F00058553 /* usb_conf.h */,
				65E6E05512E0313F00058553 /* watchdog.h */,
			);
			path = inc;
			sourceTree = "<group>";
		};
		65E8F02F11EFF25C00BBF654 /* PiOS */ = {
			isa = PBXGroup;
			children = (
				65632DF41251650300469B77 /* Boards */,
				65E8F03011EFF25C00BBF654 /* Common */,
				65E8F03811EFF25C00BBF654 /* inc */,
				65E8F05711EFF25C00BBF654 /* pios.h */,
				65E8F05811EFF25C00BBF654 /* STM32F10x */,
				65904E5D14613B6100FD9482 /* STM32F4xx */,
			);
			name = PiOS;
			path = ../../PiOS;
			sourceTree = SOURCE_ROOT;
		};
		65E8F03011EFF25C00BBF654 /* Common */ = {
			isa = PBXGroup;
			children = (
				65EC1DE214CF0D6A00EBE144 /* pios_gcsrcvr.c */,
				6528CCB412E406B800CF5144 /* pios_adxl345.c */,
				65FB1E6614CDBE26009C52B9 /* pios_bma180.c */,
				65FB1E6714CDBE26009C52B9 /* pios_bmp085.c */,
				65E8F03311EFF25C00BBF654 /* pios_hmc5843.c */,
				65FB1E6814CDBE26009C52B9 /* pios_hmc5883.c */,
				65FB1E6914CDBE26009C52B9 /* pios_l3gd20.c */,
				65FB1E6A14CDBE26009C52B9 /* pios_mpu6000.c */,
				65FB1E6B14CDBE26009C52B9 /* pios_ms5611.c */,
				65904EDB14613BBD00FD9482 /* Libraries */,
				65E8F03211EFF25C00BBF654 /* pios_com.c */,
				657C413414CFD1E00024FBB4 /* pios_flash_jedec.c */,
				65E8F03411EFF25C00BBF654 /* pios_opahrs.c */,
				65E8F03511EFF25C00BBF654 /* pios_opahrs_proto.c */,
				65E8F03611EFF25C00BBF654 /* pios_sdcard.c */,
				65E8F03711EFF25C00BBF654 /* printf-stdarg.c */,
				65FF4D5E137EDEC100146BE4 /* pios_flashfs_objlist.c */,
				6562BE1713CCAD0600C823E8 /* pios_rcvr.c */,
				65E8C743139A6D0900E1F979 /* pios_crc.c */,
			);
			name = Common;
			path = ../../PiOS/Common;
			sourceTree = SOURCE_ROOT;
		};
		65E8F03811EFF25C00BBF654 /* inc */ = {
			isa = PBXGroup;
			children = (
				65DEA78513F0FE6000095B06 /* stm32f2xx_conf.h */,
				65F5FBAB14CA08FD00261DE0 /* pios_board_info.h */,
				6528CCE212E40F6700CF5144 /* pios_adxl345.h */,
				65E8C745139A6D1A00E1F979 /* pios_crc.h */,
				65E8F03A11EFF25C00BBF654 /* pios_adc.h */,
				6528CCE212E40F6700CF5144 /* pios_adxl345.h */,
				65D1FBE713F53477006374A6 /* pios_bl_helper.h */,
				65E6E09912E037C800058553 /* pios_adc_priv.h */,
				65DEA78613F1118400095B06 /* pios_bma180.h */,
				65E8F03B11EFF25C00BBF654 /* pios_bmp085.h */,
				65FA9B7B14709E9E0019A260 /* pios_board_info.h */,
				65E8F03C11EFF25C00BBF654 /* pios_com.h */,
				65E8F03D11EFF25C00BBF654 /* pios_com_priv.h */,
				65E8C745139A6D1A00E1F979 /* pios_crc.h */,
				65E8F03E11EFF25C00BBF654 /* pios_debug.h */,
				65E8F03F11EFF25C00BBF654 /* pios_delay.h */,
				65E8F04011EFF25C00BBF654 /* pios_exti.h */,
				657C413314CFD1CE0024FBB4 /* pios_flash_jedec.h */,
				65FF4D61137EFA4F00146BE4 /* pios_flashfs_objlist.h */,
				65FA9B7C14709E9E0019A260 /* pios_gcsrcvr_priv.h */,
				65E8F04111EFF25C00BBF654 /* pios_gpio.h */,
				65FA9B7D14709E9E0019A260 /* pios_hcsr04.h */,
				65E8F04211EFF25C00BBF654 /* pios_hmc5843.h */,
				65D1FBD413F504C9006374A6 /* pios_hmc5883.h */,
				65FA9B7F14709E9E0019A260 /* pios_iap.h */,
				65E8F04311EFF25C00BBF654 /* pios_i2c.h */,
				65FA9B7E14709E9E0019A260 /* pios_i2c_esc.h */,
				6526645A122DF972006F9A3C /* pios_i2c_priv.h */,
				65FA9B8014709E9E0019A260 /* pios_initcall.h */,
				65E8F04411EFF25C00BBF654 /* pios_irq.h */,
				65F5FB9914C9FAC500261DE0 /* pios_l3gd20.h */,
				65E8F04511EFF25C00BBF654 /* pios_led.h */,
				6534B55B1476D3A8003DF47C /* pios_ms5611.h */,
				6534B5571474F78B003DF47C /* pios_mpu6000.h */,
				65E8F04611EFF25C00BBF654 /* pios_opahrs.h */,
				65E8F04711EFF25C00BBF654 /* pios_opahrs_proto.h */,
				65E8F04811EFF25C00BBF654 /* pios_ppm.h */,
				65FA9B8214709E9E0019A260 /* pios_ppm_priv.h */,
				65E8F04911EFF25C00BBF654 /* pios_pwm.h */,
				657FF86A12EA8BFB00801617 /* pios_pwm_priv.h */,
				65643CAC1413322000A32F59 /* pios_rcvr.h */,
				65643CAB1413322000A32F59 /* pios_rcvr_priv.h */,
				6589A9E2131DF1C7006BD67C /* pios_rtc.h */,
				65643CAD1413322000A32F59 /* pios_rtc_priv.h */,
				65643CAE1413322000A32F59 /* pios_sbus_priv.h */,
				65643CAF1413322000A32F59 /* pios_sbus.h */,
				65E8F04A11EFF25C00BBF654 /* pios_sdcard.h */,
				65E8F04B11EFF25C00BBF654 /* pios_servo.h */,
				65FBE14412E7C98100176B5A /* pios_servo_priv.h */,
				65E8F04C11EFF25C00BBF654 /* pios_dsm.h */,
				65643CB01413322000A32F59 /* pios_dsm_priv.h */,
				65E8F04D11EFF25C00BBF654 /* pios_spi.h */,
				65E8F04E11EFF25C00BBF654 /* pios_spi_priv.h */,
				65E8F04F11EFF25C00BBF654 /* pios_stm32.h */,
				65E8F05011EFF25C00BBF654 /* pios_sys.h */,
				65FA9B8314709E9E0019A260 /* pios_tim_priv.h */,
				65FA9B8414709E9F0019A260 /* pios_tim.h */,
				65E8F05111EFF25C00BBF654 /* pios_usart.h */,
				65E8F05211EFF25C00BBF654 /* pios_usart_priv.h */,
				65E8F05311EFF25C00BBF654 /* pios_usb.h */,
				6543A04D14CF9F5E004EEC4C /* pios_usb_priv.h */,
				65E8F05511EFF25C00BBF654 /* pios_usb_hid.h */,
				65FA9B8514709E9F0019A260 /* pios_usb_hid_priv.h */,
				651CF9F0120B700D00EEFD70 /* pios_usb_hid_istr.h */,
				651CF9F2120B700D00EEFD70 /* pios_usb_hid_pwr.h */,
				6526645B122DF972006F9A3C /* pios_wdg.h */,
				651CF9F3120B700D00EEFD70 /* usb_conf.h */,
				65E8F05611EFF25C00BBF654 /* stm32f10x_conf.h */,
			);
			name = inc;
			path = ../../PiOS/inc;
			sourceTree = SOURCE_ROOT;
		};
		65E8F05811EFF25C00BBF654 /* STM32F10x */ = {
			isa = PBXGroup;
			children = (
				6572CB1613D0F2B200FC2972 /* link_STM32103CB_CC_Rev1_memory.ld */,
				6572CB1713D0F2B200FC2972 /* link_STM32103CB_CC_Rev1_sections.ld */,
				65E8F05911EFF25C00BBF654 /* Libraries */,
				65E8F0D811EFF25C00BBF654 /* link_stm32f10x_HD.ld */,
				65E8F0DB11EFF25C00BBF654 /* link_stm32f10x_MD.ld */,
				65E8F0DC11EFF25C00BBF654 /* pios_adc.c */,
				65E8F0DD11EFF25C00BBF654 /* pios_debug.c */,
				65E8F0DE11EFF25C00BBF654 /* pios_delay.c */,
				65E8F0DF11EFF25C00BBF654 /* pios_exti.c */,
				65E8F0E011EFF25C00BBF654 /* pios_gpio.c */,
				65E8F0E111EFF25C00BBF654 /* pios_i2c.c */,
				65BBB6A214CE77EB0003A16F /* pios_iap.c */,
				65E8F0E211EFF25C00BBF654 /* pios_irq.c */,
				65E8F0E311EFF25C00BBF654 /* pios_led.c */,
				65E8F0E411EFF25C00BBF654 /* pios_ppm.c */,
				65E8F0E511EFF25C00BBF654 /* pios_pwm.c */,
				6589A9DB131DEE76006BD67C /* pios_rtc.c */,
				65643CBA141350C200A32F59 /* pios_sbus.c */,
				65E8F0E611EFF25C00BBF654 /* pios_servo.c */,
				65E8F0E711EFF25C00BBF654 /* pios_dsm.c */,
				65E8F0E811EFF25C00BBF654 /* pios_spi.c */,
				65E8F0E911EFF25C00BBF654 /* pios_sys.c */,
				65643CB91413456D00A32F59 /* pios_tim.c */,
				65E8F0EA11EFF25C00BBF654 /* pios_usart.c */,
				6543A04C14CF717E004EEC4C /* pios_usb.c */,
				65E8F0ED11EFF25C00BBF654 /* pios_usb_hid.c */,
				651CF9E6120B5D8300EEFD70 /* pios_usb_hid_istr.c */,
				651CF9E8120B5D8300EEFD70 /* pios_usb_hid_pwr.c */,
				65003B31121249CA00C183DD /* pios_wdg.c */,
				65E8F0EE11EFF25C00BBF654 /* startup_stm32f10x_HD.S */,
				6560A39B13EE270C00105DA5 /* startup_stm32f10x_HD_OP.S */,
				65E8F0F111EFF25C00BBF654 /* startup_stm32f10x_MD.S */,
				6560A39C13EE270C00105DA5 /* startup_stm32f10x_MD_CC.S */,
			);
			name = STM32F10x;
			path = ../../PiOS/STM32F10x;
			sourceTree = SOURCE_ROOT;
		};
		65E8F05911EFF25C00BBF654 /* Libraries */ = {
			isa = PBXGroup;
			children = (
				65E8F05A11EFF25C00BBF654 /* CMSIS */,
				65E8F06B11EFF25C00BBF654 /* dosfs */,
				65E8F07111EFF25C00BBF654 /* FreeRTOS */,
				65E8F08D11EFF25C00BBF654 /* msd */,
				65E8F09911EFF25C00BBF654 /* STM32_USB-FS-Device_Driver */,
				65E8F0A911EFF25C00BBF654 /* STM32F10x_StdPeriph_Driver */,
			);
			name = Libraries;
			path = ../../PiOS/STM32F10x/Libraries;
			sourceTree = SOURCE_ROOT;
		};
		65E8F05A11EFF25C00BBF654 /* CMSIS */ = {
			isa = PBXGroup;
			children = (
				65E8F05B11EFF25C00BBF654 /* Core */,
				65E8F06A11EFF25C00BBF654 /* License.doc */,
			);
			name = CMSIS;
			path = ../../PiOS/STM32F10x/Libraries/CMSIS;
			sourceTree = SOURCE_ROOT;
		};
		65E8F05B11EFF25C00BBF654 /* Core */ = {
			isa = PBXGroup;
			children = (
				65E8F05C11EFF25C00BBF654 /* CM3 */,
				65E8F06811EFF25C00BBF654 /* Documentation */,
			);
			name = Core;
			path = ../../PiOS/STM32F10x/Libraries/CMSIS/Core;
			sourceTree = SOURCE_ROOT;
		};
		65E8F05C11EFF25C00BBF654 /* CM3 */ = {
			isa = PBXGroup;
			children = (
				65E8F05D11EFF25C00BBF654 /* core_cm3.c */,
				65E8F05E11EFF25C00BBF654 /* core_cm3.h */,
				65E8F05F11EFF25C00BBF654 /* startup */,
				65E8F06511EFF25C00BBF654 /* stm32f10x.h */,
				65E8F06611EFF25C00BBF654 /* system_stm32f10x.c */,
				65E8F06711EFF25C00BBF654 /* system_stm32f10x.h */,
			);
			name = CM3;
			path = ../../PiOS/STM32F10x/Libraries/CMSIS/Core/CM3;
			sourceTree = SOURCE_ROOT;
		};
		65E8F05F11EFF25C00BBF654 /* startup */ = {
			isa = PBXGroup;
			children = (
				65E8F06011EFF25C00BBF654 /* gcc */,
			);
			name = startup;
			path = ../../PiOS/STM32F10x/Libraries/CMSIS/Core/CM3/startup;
			sourceTree = SOURCE_ROOT;
		};
		65E8F06011EFF25C00BBF654 /* gcc */ = {
			isa = PBXGroup;
			children = (
				65E8F06111EFF25C00BBF654 /* startup_stm32f10x_cl.s */,
				65E8F06211EFF25C00BBF654 /* startup_stm32f10x_hd.s */,
				65E8F06311EFF25C00BBF654 /* startup_stm32f10x_ld.s */,
				65E8F06411EFF25C00BBF654 /* startup_stm32f10x_md.s */,
			);
			name = gcc;
			path = ../../PiOS/STM32F10x/Libraries/CMSIS/Core/CM3/startup/gcc;
			sourceTree = SOURCE_ROOT;
		};
		65E8F06811EFF25C00BBF654 /* Documentation */ = {
			isa = PBXGroup;
			children = (
				65E8F06911EFF25C00BBF654 /* CMSIS_Core.htm */,
			);
			name = Documentation;
			path = ../../PiOS/STM32F10x/Libraries/CMSIS/Core/Documentation;
			sourceTree = SOURCE_ROOT;
		};
		65E8F06B11EFF25C00BBF654 /* dosfs */ = {
			isa = PBXGroup;
			children = (
				65E8F06C11EFF25C00BBF654 /* dfs_sdcard.c */,
				65E8F06D11EFF25C00BBF654 /* dosfs.c */,
				65E8F06E11EFF25C00BBF654 /* dosfs.h */,
				65E8F06F11EFF25C00BBF654 /* README.txt */,
				65E8F07011EFF25C00BBF654 /* README_1st.txt */,
			);
			name = dosfs;
			path = ../../PiOS/STM32F10x/Libraries/dosfs;
			sourceTree = SOURCE_ROOT;
		};
		65E8F07111EFF25C00BBF654 /* FreeRTOS */ = {
			isa = PBXGroup;
			children = (
				65E8F07211EFF25C00BBF654 /* Source */,
			);
			name = FreeRTOS;
			path = ../../PiOS/STM32F10x/Libraries/FreeRTOS;
			sourceTree = SOURCE_ROOT;
		};
		65E8F07211EFF25C00BBF654 /* Source */ = {
			isa = PBXGroup;
			children = (
				65E8F07311EFF25C00BBF654 /* croutine.c */,
				65E8F07411EFF25C00BBF654 /* include */,
				65E8F07F11EFF25C00BBF654 /* list.c */,
				65E8F08011EFF25C00BBF654 /* portable */,
				65E8F08A11EFF25C00BBF654 /* queue.c */,
				65E8F08B11EFF25C00BBF654 /* readme.txt */,
				65E8F08C11EFF25C00BBF654 /* tasks.c */,
			);
			name = Source;
			path = ../../PiOS/STM32F10x/Libraries/FreeRTOS/Source;
			sourceTree = SOURCE_ROOT;
		};
		65E8F07411EFF25C00BBF654 /* include */ = {
			isa = PBXGroup;
			children = (
				65E8F07511EFF25C00BBF654 /* croutine.h */,
				65E8F07611EFF25C00BBF654 /* FreeRTOS.h */,
				65E8F07711EFF25C00BBF654 /* list.h */,
				65E8F07811EFF25C00BBF654 /* mpu_wrappers.h */,
				65E8F07911EFF25C00BBF654 /* portable.h */,
				65E8F07A11EFF25C00BBF654 /* projdefs.h */,
				65E8F07B11EFF25C00BBF654 /* queue.h */,
				65E8F07C11EFF25C00BBF654 /* semphr.h */,
				65E8F07D11EFF25C00BBF654 /* StackMacros.h */,
				65E8F07E11EFF25C00BBF654 /* task.h */,
			);
			name = include;
			path = ../../PiOS/STM32F10x/Libraries/FreeRTOS/Source/include;
			sourceTree = SOURCE_ROOT;
		};
		65E8F08011EFF25C00BBF654 /* portable */ = {
			isa = PBXGroup;
			children = (
				65E8F08111EFF25C00BBF654 /* GCC */,
				65E8F08511EFF25C00BBF654 /* MemMang */,
				65E8F08911EFF25C00BBF654 /* readme.txt */,
			);
			name = portable;
			path = ../../PiOS/STM32F10x/Libraries/FreeRTOS/Source/portable;
			sourceTree = SOURCE_ROOT;
		};
		65E8F08111EFF25C00BBF654 /* GCC */ = {
			isa = PBXGroup;
			children = (
				65E8F08211EFF25C00BBF654 /* ARM_CM3 */,
			);
			name = GCC;
			path = ../../PiOS/STM32F10x/Libraries/FreeRTOS/Source/portable/GCC;
			sourceTree = SOURCE_ROOT;
		};
		65E8F08211EFF25C00BBF654 /* ARM_CM3 */ = {
			isa = PBXGroup;
			children = (
				65E8F08311EFF25C00BBF654 /* port.c */,
				65E8F08411EFF25C00BBF654 /* portmacro.h */,
			);
			name = ARM_CM3;
			path = ../../PiOS/STM32F10x/Libraries/FreeRTOS/Source/portable/GCC/ARM_CM3;
			sourceTree = SOURCE_ROOT;
		};
		65E8F08511EFF25C00BBF654 /* MemMang */ = {
			isa = PBXGroup;
			children = (
				65E8F08611EFF25C00BBF654 /* heap_1.c */,
				65E8F08711EFF25C00BBF654 /* heap_2.c */,
				65E8F08811EFF25C00BBF654 /* heap_3.c */,
			);
			name = MemMang;
			path = ../../PiOS/STM32F10x/Libraries/FreeRTOS/Source/portable/MemMang;
			sourceTree = SOURCE_ROOT;
		};
		65E8F08D11EFF25C00BBF654 /* msd */ = {
			isa = PBXGroup;
			children = (
				65E8F08E11EFF25C00BBF654 /* msd.c */,
				65E8F08F11EFF25C00BBF654 /* msd.h */,
				65E8F09011EFF25C00BBF654 /* msd_bot.c */,
				65E8F09111EFF25C00BBF654 /* msd_bot.h */,
				65E8F09211EFF25C00BBF654 /* msd_desc.c */,
				65E8F09311EFF25C00BBF654 /* msd_desc.h */,
				65E8F09411EFF25C00BBF654 /* msd_memory.c */,
				65E8F09511EFF25C00BBF654 /* msd_memory.h */,
				65E8F09611EFF25C00BBF654 /* msd_scsi.c */,
				65E8F09711EFF25C00BBF654 /* msd_scsi.h */,
				65E8F09811EFF25C00BBF654 /* msd_scsi_data.c */,
			);
			name = msd;
			path = ../../PiOS/STM32F10x/Libraries/msd;
			sourceTree = SOURCE_ROOT;
		};
		65E8F09911EFF25C00BBF654 /* STM32_USB-FS-Device_Driver */ = {
			isa = PBXGroup;
			children = (
				65E8F09A11EFF25C00BBF654 /* inc */,
				65E8F0A311EFF25C00BBF654 /* src */,
			);
			name = "STM32_USB-FS-Device_Driver";
			path = "../../PiOS/STM32F10x/Libraries/STM32_USB-FS-Device_Driver";
			sourceTree = SOURCE_ROOT;
		};
		65E8F09A11EFF25C00BBF654 /* inc */ = {
			isa = PBXGroup;
			children = (
				65E8F09B11EFF25C00BBF654 /* usb_core.h */,
				65E8F09C11EFF25C00BBF654 /* usb_def.h */,
				65E8F09D11EFF25C00BBF654 /* usb_init.h */,
				65E8F09E11EFF25C00BBF654 /* usb_int.h */,
				65E8F09F11EFF25C00BBF654 /* usb_lib.h */,
				65E8F0A011EFF25C00BBF654 /* usb_mem.h */,
				65E8F0A111EFF25C00BBF654 /* usb_regs.h */,
				65E8F0A211EFF25C00BBF654 /* usb_type.h */,
			);
			name = inc;
			path = "../../PiOS/STM32F10x/Libraries/STM32_USB-FS-Device_Driver/inc";
			sourceTree = SOURCE_ROOT;
		};
		65E8F0A311EFF25C00BBF654 /* src */ = {
			isa = PBXGroup;
			children = (
				65E8F0A411EFF25C00BBF654 /* usb_core.c */,
				65E8F0A511EFF25C00BBF654 /* usb_init.c */,
				65E8F0A611EFF25C00BBF654 /* usb_int.c */,
				65E8F0A711EFF25C00BBF654 /* usb_mem.c */,
				65E8F0A811EFF25C00BBF654 /* usb_regs.c */,
			);
			name = src;
			path = "../../PiOS/STM32F10x/Libraries/STM32_USB-FS-Device_Driver/src";
			sourceTree = SOURCE_ROOT;
		};
		65E8F0A911EFF25C00BBF654 /* STM32F10x_StdPeriph_Driver */ = {
			isa = PBXGroup;
			children = (
				65E8F0AA11EFF25C00BBF654 /* inc */,
				65E8F0C111EFF25C00BBF654 /* src */,
			);
			name = STM32F10x_StdPeriph_Driver;
			path = ../../PiOS/STM32F10x/Libraries/STM32F10x_StdPeriph_Driver;
			sourceTree = SOURCE_ROOT;
		};
		65E8F0AA11EFF25C00BBF654 /* inc */ = {
			isa = PBXGroup;
			children = (
				65E8F0AB11EFF25C00BBF654 /* misc.h */,
				65E8F0AC11EFF25C00BBF654 /* stm32f10x_adc.h */,
				65E8F0AD11EFF25C00BBF654 /* stm32f10x_bkp.h */,
				65E8F0AE11EFF25C00BBF654 /* stm32f10x_can.h */,
				65E8F0AF11EFF25C00BBF654 /* stm32f10x_crc.h */,
				65E8F0B011EFF25C00BBF654 /* stm32f10x_dac.h */,
				65E8F0B111EFF25C00BBF654 /* stm32f10x_dbgmcu.h */,
				65E8F0B211EFF25C00BBF654 /* stm32f10x_dma.h */,
				65E8F0B311EFF25C00BBF654 /* stm32f10x_exti.h */,
				65E8F0B411EFF25C00BBF654 /* stm32f10x_flash.h */,
				65E8F0B511EFF25C00BBF654 /* stm32f10x_fsmc.h */,
				65E8F0B611EFF25C00BBF654 /* stm32f10x_gpio.h */,
				65E8F0B711EFF25C00BBF654 /* stm32f10x_i2c.h */,
				65E8F0B811EFF25C00BBF654 /* stm32f10x_iwdg.h */,
				65E8F0B911EFF25C00BBF654 /* stm32f10x_pwr.h */,
				65E8F0BA11EFF25C00BBF654 /* stm32f10x_rcc.h */,
				65E8F0BB11EFF25C00BBF654 /* stm32f10x_rtc.h */,
				65E8F0BC11EFF25C00BBF654 /* stm32f10x_sdio.h */,
				65E8F0BD11EFF25C00BBF654 /* stm32f10x_spi.h */,
				65E8F0BE11EFF25C00BBF654 /* stm32f10x_tim.h */,
				65E8F0BF11EFF25C00BBF654 /* stm32f10x_usart.h */,
				65E8F0C011EFF25C00BBF654 /* stm32f10x_wwdg.h */,
			);
			name = inc;
			path = ../../PiOS/STM32F10x/Libraries/STM32F10x_StdPeriph_Driver/inc;
			sourceTree = SOURCE_ROOT;
		};
		65E8F0C111EFF25C00BBF654 /* src */ = {
			isa = PBXGroup;
			children = (
				65E8F0C211EFF25C00BBF654 /* misc.c */,
				65E8F0C311EFF25C00BBF654 /* stm32f10x_adc.c */,
				65E8F0C411EFF25C00BBF654 /* stm32f10x_bkp.c */,
				65E8F0C511EFF25C00BBF654 /* stm32f10x_can.c */,
				65E8F0C611EFF25C00BBF654 /* stm32f10x_crc.c */,
				65E8F0C711EFF25C00BBF654 /* stm32f10x_dac.c */,
				65E8F0C811EFF25C00BBF654 /* stm32f10x_dbgmcu.c */,
				65E8F0C911EFF25C00BBF654 /* stm32f10x_dma.c */,
				65E8F0CA11EFF25C00BBF654 /* stm32f10x_exti.c */,
				65E8F0CB11EFF25C00BBF654 /* stm32f10x_flash.c */,
				65E8F0CC11EFF25C00BBF654 /* stm32f10x_fsmc.c */,
				65E8F0CD11EFF25C00BBF654 /* stm32f10x_gpio.c */,
				65E8F0CE11EFF25C00BBF654 /* stm32f10x_i2c.c */,
				65E8F0CF11EFF25C00BBF654 /* stm32f10x_iwdg.c */,
				65E8F0D011EFF25C00BBF654 /* stm32f10x_pwr.c */,
				65E8F0D111EFF25C00BBF654 /* stm32f10x_rcc.c */,
				65E8F0D211EFF25C00BBF654 /* stm32f10x_rtc.c */,
				65E8F0D311EFF25C00BBF654 /* stm32f10x_sdio.c */,
				65E8F0D411EFF25C00BBF654 /* stm32f10x_spi.c */,
				65E8F0D511EFF25C00BBF654 /* stm32f10x_tim.c */,
				65E8F0D611EFF25C00BBF654 /* stm32f10x_usart.c */,
				65E8F0D711EFF25C00BBF654 /* stm32f10x_wwdg.c */,
			);
			name = src;
			path = ../../PiOS/STM32F10x/Libraries/STM32F10x_StdPeriph_Driver/src;
			sourceTree = SOURCE_ROOT;
		};
		65F93B9012EE09280047DB36 /* PipXtreme */ = {
			isa = PBXGroup;
			children = (
				65F93C3912EE09280047DB36 /* aes.c */,
				65F93C3A12EE09280047DB36 /* Build */,
				65F93CEC12EE09290047DB36 /* crc.c */,
				65F93CED12EE09290047DB36 /* gpio_in.c */,
				65F93CEE12EE09290047DB36 /* inc */,
				65F93CFE12EE09290047DB36 /* main.c */,
				65F93CFF12EE09290047DB36 /* Makefile */,
				65F93D0012EE09290047DB36 /* packet_handler.c */,
				65F93D0112EE09290047DB36 /* pios_board.c */,
				65F93D0212EE09290047DB36 /* pios_usb_hid_desc.c */,
				65F93D0312EE09290047DB36 /* rfm22b.c */,
				65F93D0412EE09290047DB36 /* saved_settings.c */,
				65F93D0512EE09290047DB36 /* stopwatch.c */,
				65F93D0612EE09290047DB36 /* transparent_comms.c */,
				65F93D0712EE09290047DB36 /* uavtalk_comms.c */,
				65F93D0812EE09290047DB36 /* watchdog.c */,
			);
			name = PipXtreme;
			path = ../../PipXtreme;
			sourceTree = SOURCE_ROOT;
		};
		65F93C3A12EE09280047DB36 /* Build */ = {
			isa = PBXGroup;
			children = (
				65F93C3B12EE09280047DB36 /* aes.lst */,
				65F93C3C12EE09280047DB36 /* aes.o */,
				65F93C3D12EE09280047DB36 /* buffer.lst */,
				65F93C3E12EE09280047DB36 /* buffer.o */,
				65F93C3F12EE09280047DB36 /* core_cm3.lst */,
				65F93C4012EE09280047DB36 /* core_cm3.o */,
				65F93C4112EE09280047DB36 /* crc.lst */,
				65F93C4212EE09280047DB36 /* crc.o */,
				65F93C4312EE09280047DB36 /* dep */,
				65F93C7C12EE09280047DB36 /* fifo_buffer.lst */,
				65F93C7D12EE09280047DB36 /* fifo_buffer.o */,
				65F93C7E12EE09280047DB36 /* gpio_in.lst */,
				65F93C7F12EE09280047DB36 /* gpio_in.o */,
				65F93C8012EE09280047DB36 /* main.lst */,
				65F93C8112EE09280047DB36 /* main.o */,
				65F93C8212EE09280047DB36 /* misc.lst */,
				65F93C8312EE09280047DB36 /* misc.o */,
				65F93C8412EE09290047DB36 /* packet_handler.lst */,
				65F93C8512EE09290047DB36 /* packet_handler.o */,
				65F93C8612EE09290047DB36 /* pios_adc.lst */,
				65F93C8712EE09290047DB36 /* pios_adc.o */,
				65F93C8812EE09290047DB36 /* pios_board.lst */,
				65F93C8912EE09290047DB36 /* pios_board.o */,
				65F93C8A12EE09290047DB36 /* pios_com.lst */,
				65F93C8B12EE09290047DB36 /* pios_com.o */,
				65F93C8C12EE09290047DB36 /* pios_delay.lst */,
				65F93C8D12EE09290047DB36 /* pios_delay.o */,
				65F93C8E12EE09290047DB36 /* pios_gpio.lst */,
				65F93C8F12EE09290047DB36 /* pios_gpio.o */,
				65F93C9012EE09290047DB36 /* pios_irq.lst */,
				65F93C9112EE09290047DB36 /* pios_irq.o */,
				65F93C9212EE09290047DB36 /* pios_led.lst */,
				65F93C9312EE09290047DB36 /* pios_led.o */,
				65F93C9412EE09290047DB36 /* pios_spi.lst */,
				65F93C9512EE09290047DB36 /* pios_spi.o */,
				65F93C9612EE09290047DB36 /* pios_sys.lst */,
				65F93C9712EE09290047DB36 /* pios_sys.o */,
				65F93C9812EE09290047DB36 /* pios_usart.lst */,
				65F93C9912EE09290047DB36 /* pios_usart.o */,
				65F93C9A12EE09290047DB36 /* pios_usb_hid.lst */,
				65F93C9B12EE09290047DB36 /* pios_usb_hid.o */,
				65F93C9C12EE09290047DB36 /* pios_usb_hid_desc.lst */,
				65F93C9D12EE09290047DB36 /* pios_usb_hid_desc.o */,
				65F93C9E12EE09290047DB36 /* pios_usb_hid_istr.lst */,
				65F93C9F12EE09290047DB36 /* pios_usb_hid_istr.o */,
				65F93CA012EE09290047DB36 /* pios_usb_hid_prop.lst */,
				65F93CA112EE09290047DB36 /* pios_usb_hid_prop.o */,
				65F93CA212EE09290047DB36 /* pios_usb_hid_pwr.lst */,
				65F93CA312EE09290047DB36 /* pios_usb_hid_pwr.o */,
				65F93CA412EE09290047DB36 /* pios_wdg.lst */,
				65F93CA512EE09290047DB36 /* pios_wdg.o */,
				65F93CA612EE09290047DB36 /* PipXtreme.bin */,
				65F93CA712EE09290047DB36 /* PipXtreme.elf */,
				65F93CA812EE09290047DB36 /* PipXtreme.hex */,
				65F93CA912EE09290047DB36 /* PipXtreme.lss */,
				65F93CAA12EE09290047DB36 /* PipXtreme.map */,
				65F93CAB12EE09290047DB36 /* PipXtreme.sym */,
				65F93CAC12EE09290047DB36 /* printf-stdarg.lst */,
				65F93CAD12EE09290047DB36 /* printf-stdarg.o */,
				65F93CAE12EE09290047DB36 /* rfm22b.lst */,
				65F93CAF12EE09290047DB36 /* rfm22b.o */,
				65F93CB012EE09290047DB36 /* saved_settings.lst */,
				65F93CB112EE09290047DB36 /* saved_settings.o */,
				65F93CB212EE09290047DB36 /* startup_stm32f10x_MD.lst */,
				65F93CB312EE09290047DB36 /* startup_stm32f10x_MD.o */,
				65F93CB412EE09290047DB36 /* stm32f10x_adc.lst */,
				65F93CB512EE09290047DB36 /* stm32f10x_adc.o */,
				65F93CB612EE09290047DB36 /* stm32f10x_bkp.lst */,
				65F93CB712EE09290047DB36 /* stm32f10x_bkp.o */,
				65F93CB812EE09290047DB36 /* stm32f10x_crc.lst */,
				65F93CB912EE09290047DB36 /* stm32f10x_crc.o */,
				65F93CBA12EE09290047DB36 /* stm32f10x_dac.lst */,
				65F93CBB12EE09290047DB36 /* stm32f10x_dac.o */,
				65F93CBC12EE09290047DB36 /* stm32f10x_dbgmcu.lst */,
				65F93CBD12EE09290047DB36 /* stm32f10x_dbgmcu.o */,
				65F93CBE12EE09290047DB36 /* stm32f10x_dma.lst */,
				65F93CBF12EE09290047DB36 /* stm32f10x_dma.o */,
				65F93CC012EE09290047DB36 /* stm32f10x_exti.lst */,
				65F93CC112EE09290047DB36 /* stm32f10x_exti.o */,
				65F93CC212EE09290047DB36 /* stm32f10x_flash.lst */,
				65F93CC312EE09290047DB36 /* stm32f10x_flash.o */,
				65F93CC412EE09290047DB36 /* stm32f10x_gpio.lst */,
				65F93CC512EE09290047DB36 /* stm32f10x_gpio.o */,
				65F93CC612EE09290047DB36 /* stm32f10x_i2c.lst */,
				65F93CC712EE09290047DB36 /* stm32f10x_i2c.o */,
				65F93CC812EE09290047DB36 /* stm32f10x_iwdg.lst */,
				65F93CC912EE09290047DB36 /* stm32f10x_iwdg.o */,
				65F93CCA12EE09290047DB36 /* stm32f10x_pwr.lst */,
				65F93CCB12EE09290047DB36 /* stm32f10x_pwr.o */,
				65F93CCC12EE09290047DB36 /* stm32f10x_rcc.lst */,
				65F93CCD12EE09290047DB36 /* stm32f10x_rcc.o */,
				65F93CCE12EE09290047DB36 /* stm32f10x_rtc.lst */,
				65F93CCF12EE09290047DB36 /* stm32f10x_rtc.o */,
				65F93CD012EE09290047DB36 /* stm32f10x_spi.lst */,
				65F93CD112EE09290047DB36 /* stm32f10x_spi.o */,
				65F93CD212EE09290047DB36 /* stm32f10x_tim.lst */,
				65F93CD312EE09290047DB36 /* stm32f10x_tim.o */,
				65F93CD412EE09290047DB36 /* stm32f10x_usart.lst */,
				65F93CD512EE09290047DB36 /* stm32f10x_usart.o */,
				65F93CD612EE09290047DB36 /* stopwatch.lst */,
				65F93CD712EE09290047DB36 /* stopwatch.o */,
				65F93CD812EE09290047DB36 /* system_stm32f10x.lst */,
				65F93CD912EE09290047DB36 /* system_stm32f10x.o */,
				65F93CDA12EE09290047DB36 /* transparent_comms.lst */,
				65F93CDB12EE09290047DB36 /* transparent_comms.o */,
				65F93CDC12EE09290047DB36 /* uavtalk_comms.lst */,
				65F93CDD12EE09290047DB36 /* uavtalk_comms.o */,
				65F93CDE12EE09290047DB36 /* usb_core.lst */,
				65F93CDF12EE09290047DB36 /* usb_core.o */,
				65F93CE012EE09290047DB36 /* usb_init.lst */,
				65F93CE112EE09290047DB36 /* usb_init.o */,
				65F93CE212EE09290047DB36 /* usb_int.lst */,
				65F93CE312EE09290047DB36 /* usb_int.o */,
				65F93CE412EE09290047DB36 /* usb_mem.lst */,
				65F93CE512EE09290047DB36 /* usb_mem.o */,
				65F93CE612EE09290047DB36 /* usb_regs.lst */,
				65F93CE712EE09290047DB36 /* usb_regs.o */,
				65F93CE812EE09290047DB36 /* usb_sil.lst */,
				65F93CE912EE09290047DB36 /* usb_sil.o */,
				65F93CEA12EE09290047DB36 /* watchdog.lst */,
				65F93CEB12EE09290047DB36 /* watchdog.o */,
			);
			path = Build;
			sourceTree = "<group>";
		};
		65F93C4312EE09280047DB36 /* dep */ = {
			isa = PBXGroup;
			children = (
				65F93C4412EE09280047DB36 /* aes.o.d */,
				65F93C4512EE09280047DB36 /* buffer.o.d */,
				65F93C4612EE09280047DB36 /* core_cm3.o.d */,
				65F93C4712EE09280047DB36 /* crc.o.d */,
				65F93C4812EE09280047DB36 /* fifo_buffer.o.d */,
				65F93C4912EE09280047DB36 /* gpio_in.o.d */,
				65F93C4A12EE09280047DB36 /* main.o.d */,
				65F93C4B12EE09280047DB36 /* misc.o.d */,
				65F93C4C12EE09280047DB36 /* packet_handler.o.d */,
				65F93C4D12EE09280047DB36 /* pios_adc.o.d */,
				65F93C4E12EE09280047DB36 /* pios_board.o.d */,
				65F93C4F12EE09280047DB36 /* pios_com.o.d */,
				65F93C5012EE09280047DB36 /* pios_delay.o.d */,
				65F93C5112EE09280047DB36 /* pios_gpio.o.d */,
				65F93C5212EE09280047DB36 /* pios_irq.o.d */,
				65F93C5312EE09280047DB36 /* pios_led.o.d */,
				65F93C5412EE09280047DB36 /* pios_spi.o.d */,
				65F93C5512EE09280047DB36 /* pios_sys.o.d */,
				65F93C5612EE09280047DB36 /* pios_usart.o.d */,
				65F93C5712EE09280047DB36 /* pios_usb_hid.o.d */,
				65F93C5812EE09280047DB36 /* pios_usb_hid_desc.o.d */,
				65F93C5912EE09280047DB36 /* pios_usb_hid_istr.o.d */,
				65F93C5A12EE09280047DB36 /* pios_usb_hid_prop.o.d */,
				65F93C5B12EE09280047DB36 /* pios_usb_hid_pwr.o.d */,
				65F93C5C12EE09280047DB36 /* pios_wdg.o.d */,
				65F93C5D12EE09280047DB36 /* printf-stdarg.o.d */,
				65F93C5E12EE09280047DB36 /* rfm22b.o.d */,
				65F93C5F12EE09280047DB36 /* saved_settings.o.d */,
				65F93C6012EE09280047DB36 /* stm32f10x_adc.o.d */,
				65F93C6112EE09280047DB36 /* stm32f10x_bkp.o.d */,
				65F93C6212EE09280047DB36 /* stm32f10x_crc.o.d */,
				65F93C6312EE09280047DB36 /* stm32f10x_dac.o.d */,
				65F93C6412EE09280047DB36 /* stm32f10x_dbgmcu.o.d */,
				65F93C6512EE09280047DB36 /* stm32f10x_dma.o.d */,
				65F93C6612EE09280047DB36 /* stm32f10x_exti.o.d */,
				65F93C6712EE09280047DB36 /* stm32f10x_flash.o.d */,
				65F93C6812EE09280047DB36 /* stm32f10x_gpio.o.d */,
				65F93C6912EE09280047DB36 /* stm32f10x_i2c.o.d */,
				65F93C6A12EE09280047DB36 /* stm32f10x_iwdg.o.d */,
				65F93C6B12EE09280047DB36 /* stm32f10x_pwr.o.d */,
				65F93C6C12EE09280047DB36 /* stm32f10x_rcc.o.d */,
				65F93C6D12EE09280047DB36 /* stm32f10x_rtc.o.d */,
				65F93C6E12EE09280047DB36 /* stm32f10x_spi.o.d */,
				65F93C6F12EE09280047DB36 /* stm32f10x_tim.o.d */,
				65F93C7012EE09280047DB36 /* stm32f10x_usart.o.d */,
				65F93C7112EE09280047DB36 /* stopwatch.o.d */,
				65F93C7212EE09280047DB36 /* system_stm32f10x.o.d */,
				65F93C7312EE09280047DB36 /* transparent_comms.o.d */,
				65F93C7412EE09280047DB36 /* uavtalk_comms.o.d */,
				65F93C7512EE09280047DB36 /* usb_core.o.d */,
				65F93C7612EE09280047DB36 /* usb_init.o.d */,
				65F93C7712EE09280047DB36 /* usb_int.o.d */,
				65F93C7812EE09280047DB36 /* usb_mem.o.d */,
				65F93C7912EE09280047DB36 /* usb_regs.o.d */,
				65F93C7A12EE09280047DB36 /* usb_sil.o.d */,
				65F93C7B12EE09280047DB36 /* watchdog.o.d */,
			);
			path = dep;
			sourceTree = "<group>";
		};
		65F93CEE12EE09290047DB36 /* inc */ = {
			isa = PBXGroup;
			children = (
				65F93CEF12EE09290047DB36 /* aes.h */,
				65F93CF012EE09290047DB36 /* crc.h */,
				65F93CF112EE09290047DB36 /* gpio_in.h */,
				65F93CF212EE09290047DB36 /* main.h */,
				65F93CF312EE09290047DB36 /* packet_handler.h */,
				65F93CF412EE09290047DB36 /* pios_config.h */,
				65F93CF512EE09290047DB36 /* pios_usb.h */,
				65F93CF612EE09290047DB36 /* pios_usb_hid_desc.h */,
				65F93CF712EE09290047DB36 /* rfm22b.h */,
				65F93CF812EE09290047DB36 /* saved_settings.h */,
				65F93CF912EE09290047DB36 /* stopwatch.h */,
				65F93CFA12EE09290047DB36 /* transparent_comms.h */,
				65F93CFB12EE09290047DB36 /* uavtalk_comms.h */,
				65F93CFC12EE09290047DB36 /* usb_conf.h */,
				65F93CFD12EE09290047DB36 /* watchdog.h */,
			);
			path = inc;
			sourceTree = "<group>";
		};
		65FA9B60147078450019A260 /* Revolution */ = {
			isa = PBXGroup;
			children = (
				65FA9B61147078450019A260 /* ahrs_slave_test.c */,
				65FA9B62147078450019A260 /* ahrs_spi_program.c */,
				65FA9B63147078450019A260 /* ahrs_spi_program_master.c */,
				65FA9B64147078450019A260 /* ahrs_spi_program_slave.c */,
				65FA9B65147078450019A260 /* bl_fsm.c */,
				65FA9B66147078450019A260 /* inc */,
				65FA9B6E147078450019A260 /* main.c */,
				65FA9B6F147078450019A260 /* Makefile */,
				65FA9B70147078450019A260 /* pios_board.c */,
			);
			path = Revolution;
			sourceTree = "<group>";
		};
		65FA9B66147078450019A260 /* inc */ = {
			isa = PBXGroup;
			children = (
				65FA9B67147078450019A260 /* ahrs_bl.h */,
				65FA9B68147078450019A260 /* ahrs_spi_program.h */,
				65FA9B69147078450019A260 /* ahrs_spi_program_master.h */,
				65FA9B6A147078450019A260 /* ahrs_spi_program_slave.h */,
				65FA9B6B147078450019A260 /* bl_fsm.h */,
				65FA9B6C147078450019A260 /* ins_bl.h */,
				65FA9B6D147078450019A260 /* pios_config.h */,
			);
			path = inc;
			sourceTree = "<group>";
		};
		65FF4BB313791C3300146BE4 /* Bootloaders */ = {
			isa = PBXGroup;
			children = (
				65FF4BB413791C3300146BE4 /* AHRS */,
				65FF4BC413791C3300146BE4 /* BootloaderUpdater */,
				65FF4BCB13791C3300146BE4 /* CopterControl */,
				65FF4BD513791C3300146BE4 /* OpenPilot */,
				65FF4BE213791C3300146BE4 /* PipXtreme */,
				65FA9B60147078450019A260 /* Revolution */,
			);
			name = Bootloaders;
			path = ../../Bootloaders;
			sourceTree = SOURCE_ROOT;
		};
		65FF4BB413791C3300146BE4 /* AHRS */ = {
			isa = PBXGroup;
			children = (
				65FF4BB513791C3300146BE4 /* ahrs_slave_test.c */,
				65FF4BB613791C3300146BE4 /* ahrs_spi_program.c */,
				65FF4BB713791C3300146BE4 /* ahrs_spi_program_master.c */,
				65FF4BB813791C3300146BE4 /* ahrs_spi_program_slave.c */,
				65FF4BB913791C3300146BE4 /* bl_fsm.c */,
				65FF4BBA13791C3300146BE4 /* inc */,
				65FF4BC113791C3300146BE4 /* main.c */,
				65FF4BC213791C3300146BE4 /* Makefile */,
				65FF4BC313791C3300146BE4 /* pios_board.c */,
			);
			path = AHRS;
			sourceTree = "<group>";
		};
		65FF4BBA13791C3300146BE4 /* inc */ = {
			isa = PBXGroup;
			children = (
				65FF4BBB13791C3300146BE4 /* ahrs_bl.h */,
				65FF4BBC13791C3300146BE4 /* ahrs_spi_program.h */,
				65FF4BBD13791C3300146BE4 /* ahrs_spi_program_master.h */,
				65FF4BBE13791C3300146BE4 /* ahrs_spi_program_slave.h */,
				65FF4BBF13791C3300146BE4 /* bl_fsm.h */,
				65FF4BC013791C3300146BE4 /* pios_config.h */,
			);
			path = inc;
			sourceTree = "<group>";
		};
		65FF4BC413791C3300146BE4 /* BootloaderUpdater */ = {
			isa = PBXGroup;
			children = (
				65FF4BC513791C3300146BE4 /* inc */,
				65FF4BC713791C3300146BE4 /* main.c */,
				65FF4BC813791C3300146BE4 /* Makefile */,
				65FF4BC913791C3300146BE4 /* pios_board.c */,
				65FF4BCA13791C3300146BE4 /* test.bin */,
			);
			path = BootloaderUpdater;
			sourceTree = "<group>";
		};
		65FF4BC513791C3300146BE4 /* inc */ = {
			isa = PBXGroup;
			children = (
				65FF4BC613791C3300146BE4 /* pios_config.h */,
			);
			path = inc;
			sourceTree = "<group>";
		};
		65FF4BCB13791C3300146BE4 /* CopterControl */ = {
			isa = PBXGroup;
			children = (
				65FF4BCC13791C3300146BE4 /* inc */,
				65FF4BD113791C3300146BE4 /* main.c */,
				65FF4BD213791C3300146BE4 /* Makefile */,
				65FF4BD313791C3300146BE4 /* op_dfu.c */,
				65FF4BD413791C3300146BE4 /* pios_board.c */,
			);
			path = CopterControl;
			sourceTree = "<group>";
		};
		65FF4BCC13791C3300146BE4 /* inc */ = {
			isa = PBXGroup;
			children = (
				65FF4BCD13791C3300146BE4 /* common.h */,
				65FF4BCE13791C3300146BE4 /* op_dfu.h */,
				65FF4BCF13791C3300146BE4 /* pios_config.h */,
			);
			path = inc;
			sourceTree = "<group>";
		};
		65FF4BD513791C3300146BE4 /* OpenPilot */ = {
			isa = PBXGroup;
			children = (
				65FF4BD613791C3300146BE4 /* inc */,
				65FF4BDC13791C3300146BE4 /* main.c */,
				65FF4BDD13791C3300146BE4 /* Makefile */,
				65FF4BDE13791C3300146BE4 /* op_dfu.c */,
				65FF4BDF13791C3300146BE4 /* pios_board.c */,
				65FF4BE013791C3300146BE4 /* ssp.c */,
				65FF4BE113791C3300146BE4 /* ssp_timer.c */,
			);
			path = OpenPilot;
			sourceTree = "<group>";
		};
		65FF4BD613791C3300146BE4 /* inc */ = {
			isa = PBXGroup;
			children = (
				65FF4BD713791C3300146BE4 /* common.h */,
				65FF4BD813791C3300146BE4 /* op_dfu.h */,
				65FF4BD913791C3300146BE4 /* pios_config.h */,
				65FF4BDA13791C3300146BE4 /* pios_usb.h */,
				65FF4BDB13791C3300146BE4 /* ssp.h */,
			);
			path = inc;
			sourceTree = "<group>";
		};
		65FF4BE213791C3300146BE4 /* PipXtreme */ = {
			isa = PBXGroup;
			children = (
				65FF4BE313791C3300146BE4 /* inc */,
				65FF4BE813791C3300146BE4 /* main.c */,
				65FF4BE913791C3300146BE4 /* Makefile */,
				65FF4BEA13791C3300146BE4 /* op_dfu.c */,
				65FF4BEB13791C3300146BE4 /* pios_board.c */,
			);
			path = PipXtreme;
			sourceTree = "<group>";
		};
		65FF4BE313791C3300146BE4 /* inc */ = {
			isa = PBXGroup;
			children = (
				65FF4BE413791C3300146BE4 /* common.h */,
				65FF4BE513791C3300146BE4 /* op_dfu.h */,
				65FF4BE613791C3300146BE4 /* pios_config.h */,
				65FF4BE713791C3300146BE4 /* pios_usb.h */,
			);
			path = inc;
			sourceTree = "<group>";
		};
		C6A0FF2B0290797F04C91782 /* Documentation */ = {
			isa = PBXGroup;
			children = (
			);
			name = Documentation;
			sourceTree = "<group>";
		};
/* End PBXGroup section */

/* Begin PBXLegacyTarget section */
		6581071511DE809D0049FB12 /* OpenPilotOSX */ = {
			isa = PBXLegacyTarget;
			buildArgumentsString = "$(ACTION) -f Makefile.posix";
			buildConfigurationList = 6581071A11DE80A30049FB12 /* Build configuration list for PBXLegacyTarget "OpenPilotOSX" */;
			buildPhases = (
			);
			buildToolPath = /usr/bin/make;
			buildWorkingDirectory = ../../OpenPilot;
			dependencies = (
			);
			name = OpenPilotOSX;
			passBuildSettingsInEnvironment = 1;
			productName = OpenPilotOSX;
		};
/* End PBXLegacyTarget section */

/* Begin PBXProject section */
		08FB7793FE84155DC02AAC07 /* Project object */ = {
			isa = PBXProject;
			attributes = {
				ORGANIZATIONNAME = OpenPilot;
			};
			buildConfigurationList = 1DEB928908733DD80010E9CD /* Build configuration list for PBXProject "OpenPilotOSX" */;
			compatibilityVersion = "Xcode 3.1";
			developmentRegion = English;
			hasScannedForEncodings = 1;
			knownRegions = (
				English,
				Japanese,
				French,
				German,
			);
			mainGroup = 08FB7794FE84155DC02AAC07 /* OpenPilotOSX */;
			projectDirPath = "";
			projectRoot = ../../..;
			targets = (
				6581071511DE809D0049FB12 /* OpenPilotOSX */,
			);
		};
/* End PBXProject section */

/* Begin XCBuildConfiguration section */
		1DEB928A08733DD80010E9CD /* Debug */ = {
			isa = XCBuildConfiguration;
			buildSettings = {
				ARCHS = "$(ARCHS_STANDARD_32_64_BIT)";
				GCC_C_LANGUAGE_STANDARD = gnu99;
				GCC_OPTIMIZATION_LEVEL = 0;
				GCC_WARN_ABOUT_RETURN_TYPE = YES;
				GCC_WARN_UNUSED_VARIABLE = YES;
				ONLY_ACTIVE_ARCH = YES;
				PREBINDING = NO;
				SDKROOT = macosx10.6;
			};
			name = Debug;
		};
		1DEB928B08733DD80010E9CD /* Release */ = {
			isa = XCBuildConfiguration;
			buildSettings = {
				ARCHS = "$(ARCHS_STANDARD_32_64_BIT)";
				GCC_C_LANGUAGE_STANDARD = gnu99;
				GCC_WARN_ABOUT_RETURN_TYPE = YES;
				GCC_WARN_UNUSED_VARIABLE = YES;
				PREBINDING = NO;
				SDKROOT = macosx10.6;
			};
			name = Release;
		};
		6581071611DE809D0049FB12 /* Debug */ = {
			isa = XCBuildConfiguration;
			buildSettings = {
				COPY_PHASE_STRIP = NO;
				GCC_DYNAMIC_NO_PIC = NO;
				GCC_OPTIMIZATION_LEVEL = 0;
				PRODUCT_NAME = OpenPilotOSX;
			};
			name = Debug;
		};
		6581071711DE809D0049FB12 /* Release */ = {
			isa = XCBuildConfiguration;
			buildSettings = {
				COPY_PHASE_STRIP = YES;
				DEBUG_INFORMATION_FORMAT = "dwarf-with-dsym";
				GCC_ENABLE_FIX_AND_CONTINUE = NO;
				PRODUCT_NAME = OpenPilotOSX;
				ZERO_LINK = NO;
			};
			name = Release;
		};
/* End XCBuildConfiguration section */

/* Begin XCConfigurationList section */
		1DEB928908733DD80010E9CD /* Build configuration list for PBXProject "OpenPilotOSX" */ = {
			isa = XCConfigurationList;
			buildConfigurations = (
				1DEB928A08733DD80010E9CD /* Debug */,
				1DEB928B08733DD80010E9CD /* Release */,
			);
			defaultConfigurationIsVisible = 0;
			defaultConfigurationName = Release;
		};
		6581071A11DE80A30049FB12 /* Build configuration list for PBXLegacyTarget "OpenPilotOSX" */ = {
			isa = XCConfigurationList;
			buildConfigurations = (
				6581071611DE809D0049FB12 /* Debug */,
				6581071711DE809D0049FB12 /* Release */,
			);
			defaultConfigurationIsVisible = 0;
			defaultConfigurationName = Release;
		};
/* End XCConfigurationList section */
	};
	rootObject = 08FB7793FE84155DC02AAC07 /* Project object */;
}
